// !$*UTF8*$!
{
	archiveVersion = 1;
	classes = {
	};
	objectVersion = 56;
	objects = {

/* Begin PBXBuildFile section */
		ECABBEF92AE05BED0040F96F /* FireBaseApp.swift in Sources */ = {isa = PBXBuildFile; fileRef = ECABBEF82AE05BED0040F96F /* FireBaseApp.swift */; };
		ECABBEFB2AE05BED0040F96F /* ContentView.swift in Sources */ = {isa = PBXBuildFile; fileRef = ECABBEFA2AE05BED0040F96F /* ContentView.swift */; };
		ECABBEFD2AE05BEF0040F96F /* Assets.xcassets in Resources */ = {isa = PBXBuildFile; fileRef = ECABBEFC2AE05BEF0040F96F /* Assets.xcassets */; };
		ECABBF002AE05BEF0040F96F /* Preview Assets.xcassets in Resources */ = {isa = PBXBuildFile; fileRef = ECABBEFF2AE05BEF0040F96F /* Preview Assets.xcassets */; };
		ECABBF072AE05D040040F96F /* GoogleService-Info.plist in Resources */ = {isa = PBXBuildFile; fileRef = ECABBF062AE05D040040F96F /* GoogleService-Info.plist */; };
		ECABBF0A2AE05D650040F96F /* FirebaseAnalytics in Frameworks */ = {isa = PBXBuildFile; productRef = ECABBF092AE05D650040F96F /* FirebaseAnalytics */; };
		ECABBF0C2AE05D650040F96F /* FirebaseAnalyticsOnDeviceConversion in Frameworks */ = {isa = PBXBuildFile; productRef = ECABBF0B2AE05D650040F96F /* FirebaseAnalyticsOnDeviceConversion */; };
		ECABBF0E2AE05D650040F96F /* FirebaseAnalyticsSwift in Frameworks */ = {isa = PBXBuildFile; productRef = ECABBF0D2AE05D650040F96F /* FirebaseAnalyticsSwift */; };
		ECABBF102AE05D650040F96F /* FirebaseAnalyticsWithoutAdIdSupport in Frameworks */ = {isa = PBXBuildFile; productRef = ECABBF0F2AE05D650040F96F /* FirebaseAnalyticsWithoutAdIdSupport */; };
		ECABBF122AE05D650040F96F /* FirebaseAppCheck in Frameworks */ = {isa = PBXBuildFile; productRef = ECABBF112AE05D650040F96F /* FirebaseAppCheck */; };
		ECABBF152AE05D790040F96F /* FirebaseAuth in Frameworks */ = {isa = PBXBuildFile; productRef = ECABBF142AE05D790040F96F /* FirebaseAuth */; };
		ECABBF172AE05D910040F96F /* FirebaseFirestoreSwift in Frameworks */ = {isa = PBXBuildFile; productRef = ECABBF162AE05D910040F96F /* FirebaseFirestoreSwift */; };
		ECABBF192AE05D9C0040F96F /* FirebaseFirestore in Frameworks */ = {isa = PBXBuildFile; productRef = ECABBF182AE05D9C0040F96F /* FirebaseFirestore */; };
		ECABBF202AE063490040F96F /* AuthenticationFirebaseDataSource.swift in Sources */ = {isa = PBXBuildFile; fileRef = ECABBF1F2AE063490040F96F /* AuthenticationFirebaseDataSource.swift */; };
		ECABBF222AE0635D0040F96F /* AuthenticationRepository.swift in Sources */ = {isa = PBXBuildFile; fileRef = ECABBF212AE0635D0040F96F /* AuthenticationRepository.swift */; };
		ECABBF242AE0636E0040F96F /* AuthenticationViewModel.swift in Sources */ = {isa = PBXBuildFile; fileRef = ECABBF232AE0636E0040F96F /* AuthenticationViewModel.swift */; };
		ECABBF262AE063A20040F96F /* RegisterEmailView.swift in Sources */ = {isa = PBXBuildFile; fileRef = ECABBF252AE063A20040F96F /* RegisterEmailView.swift */; };
		ECABBF282AE063B20040F96F /* LoginEmailView.swift in Sources */ = {isa = PBXBuildFile; fileRef = ECABBF272AE063B20040F96F /* LoginEmailView.swift */; };
		ECABBF2A2AE064480040F96F /* DismissView.swift in Sources */ = {isa = PBXBuildFile; fileRef = ECABBF292AE064480040F96F /* DismissView.swift */; };
		ECABBF2C2AE064DA0040F96F /* ViewPrincipal.swift in Sources */ = {isa = PBXBuildFile; fileRef = ECABBF2B2AE064DA0040F96F /* ViewPrincipal.swift */; };
/* End PBXBuildFile section */

/* Begin PBXFileReference section */
		ECABBEF52AE05BED0040F96F /* FireBase.app */ = {isa = PBXFileReference; explicitFileType = wrapper.application; includeInIndex = 0; path = FireBase.app; sourceTree = BUILT_PRODUCTS_DIR; };
		ECABBEF82AE05BED0040F96F /* FireBaseApp.swift */ = {isa = PBXFileReference; lastKnownFileType = sourcecode.swift; path = FireBaseApp.swift; sourceTree = "<group>"; };
		ECABBEFA2AE05BED0040F96F /* ContentView.swift */ = {isa = PBXFileReference; lastKnownFileType = sourcecode.swift; path = ContentView.swift; sourceTree = "<group>"; };
		ECABBEFC2AE05BEF0040F96F /* Assets.xcassets */ = {isa = PBXFileReference; lastKnownFileType = folder.assetcatalog; path = Assets.xcassets; sourceTree = "<group>"; };
		ECABBEFF2AE05BEF0040F96F /* Preview Assets.xcassets */ = {isa = PBXFileReference; lastKnownFileType = folder.assetcatalog; path = "Preview Assets.xcassets"; sourceTree = "<group>"; };
		ECABBF062AE05D040040F96F /* GoogleService-Info.plist */ = {isa = PBXFileReference; fileEncoding = 4; lastKnownFileType = text.plist.xml; path = "GoogleService-Info.plist"; sourceTree = "<group>"; };
		ECABBF1F2AE063490040F96F /* AuthenticationFirebaseDataSource.swift */ = {isa = PBXFileReference; lastKnownFileType = sourcecode.swift; path = AuthenticationFirebaseDataSource.swift; sourceTree = "<group>"; };
		ECABBF212AE0635D0040F96F /* AuthenticationRepository.swift */ = {isa = PBXFileReference; lastKnownFileType = sourcecode.swift; path = AuthenticationRepository.swift; sourceTree = "<group>"; };
		ECABBF232AE0636E0040F96F /* AuthenticationViewModel.swift */ = {isa = PBXFileReference; lastKnownFileType = sourcecode.swift; path = AuthenticationViewModel.swift; sourceTree = "<group>"; };
		ECABBF252AE063A20040F96F /* RegisterEmailView.swift */ = {isa = PBXFileReference; lastKnownFileType = sourcecode.swift; path = RegisterEmailView.swift; sourceTree = "<group>"; };
		ECABBF272AE063B20040F96F /* LoginEmailView.swift */ = {isa = PBXFileReference; lastKnownFileType = sourcecode.swift; path = LoginEmailView.swift; sourceTree = "<group>"; };
		ECABBF292AE064480040F96F /* DismissView.swift */ = {isa = PBXFileReference; lastKnownFileType = sourcecode.swift; path = DismissView.swift; sourceTree = "<group>"; };
		ECABBF2B2AE064DA0040F96F /* ViewPrincipal.swift */ = {isa = PBXFileReference; lastKnownFileType = sourcecode.swift; path = ViewPrincipal.swift; sourceTree = "<group>"; };
/* End PBXFileReference section */

/* Begin PBXFrameworksBuildPhase section */
		ECABBEF22AE05BED0040F96F /* Frameworks */ = {
			isa = PBXFrameworksBuildPhase;
			buildActionMask = 2147483647;
			files = (
				ECABBF0E2AE05D650040F96F /* FirebaseAnalyticsSwift in Frameworks */,
				ECABBF152AE05D790040F96F /* FirebaseAuth in Frameworks */,
				ECABBF0A2AE05D650040F96F /* FirebaseAnalytics in Frameworks */,
				ECABBF172AE05D910040F96F /* FirebaseFirestoreSwift in Frameworks */,
				ECABBF0C2AE05D650040F96F /* FirebaseAnalyticsOnDeviceConversion in Frameworks */,
				ECABBF192AE05D9C0040F96F /* FirebaseFirestore in Frameworks */,
				ECABBF122AE05D650040F96F /* FirebaseAppCheck in Frameworks */,
				ECABBF102AE05D650040F96F /* FirebaseAnalyticsWithoutAdIdSupport in Frameworks */,
			);
			runOnlyForDeploymentPostprocessing = 0;
		};
/* End PBXFrameworksBuildPhase section */

/* Begin PBXGroup section */
		ECABBEEC2AE05BED0040F96F = {
			isa = PBXGroup;
			children = (
				ECABBEF72AE05BED0040F96F /* FireBase */,
				ECABBEF62AE05BED0040F96F /* Products */,
				ECABBF132AE05D790040F96F /* Frameworks */,
			);
			sourceTree = "<group>";
		};
		ECABBEF62AE05BED0040F96F /* Products */ = {
			isa = PBXGroup;
			children = (
				ECABBEF52AE05BED0040F96F /* FireBase.app */,
			);
			name = Products;
			sourceTree = "<group>";
		};
		ECABBEF72AE05BED0040F96F /* FireBase */ = {
			isa = PBXGroup;
			children = (
				ECABBEF82AE05BED0040F96F /* FireBaseApp.swift */,
				ECABBEFA2AE05BED0040F96F /* ContentView.swift */,
				ECABBF2B2AE064DA0040F96F /* ViewPrincipal.swift */,
				ECABBF292AE064480040F96F /* DismissView.swift */,
				ECABBF1C2AE062EE0040F96F /* Login */,
				ECABBF062AE05D040040F96F /* GoogleService-Info.plist */,
				ECABBEFC2AE05BEF0040F96F /* Assets.xcassets */,
				ECABBEFE2AE05BEF0040F96F /* Preview Content */,
			);
			path = FireBase;
			sourceTree = "<group>";
		};
		ECABBEFE2AE05BEF0040F96F /* Preview Content */ = {
			isa = PBXGroup;
			children = (
				ECABBEFF2AE05BEF0040F96F /* Preview Assets.xcassets */,
			);
			path = "Preview Content";
			sourceTree = "<group>";
		};
		ECABBF132AE05D790040F96F /* Frameworks */ = {
			isa = PBXGroup;
			children = (
			);
			name = Frameworks;
			sourceTree = "<group>";
		};
		ECABBF1C2AE062EE0040F96F /* Login */ = {
			isa = PBXGroup;
			children = (
				ECABBF1E2AE0630E0040F96F /* Repositorys */,
				ECABBF1D2AE062FB0040F96F /* Views */,
			);
			path = Login;
			sourceTree = "<group>";
		};
		ECABBF1D2AE062FB0040F96F /* Views */ = {
			isa = PBXGroup;
			children = (
				ECABBF252AE063A20040F96F /* RegisterEmailView.swift */,
				ECABBF272AE063B20040F96F /* LoginEmailView.swift */,
			);
			path = Views;
			sourceTree = "<group>";
		};
		ECABBF1E2AE0630E0040F96F /* Repositorys */ = {
			isa = PBXGroup;
			children = (
				ECABBF1F2AE063490040F96F /* AuthenticationFirebaseDataSource.swift */,
				ECABBF212AE0635D0040F96F /* AuthenticationRepository.swift */,
				ECABBF232AE0636E0040F96F /* AuthenticationViewModel.swift */,
			);
			path = Repositorys;
			sourceTree = "<group>";
		};
/* End PBXGroup section */

/* Begin PBXNativeTarget section */
		ECABBEF42AE05BED0040F96F /* FireBase */ = {
			isa = PBXNativeTarget;
			buildConfigurationList = ECABBF032AE05BEF0040F96F /* Build configuration list for PBXNativeTarget "FireBase" */;
			buildPhases = (
				ECABBEF12AE05BED0040F96F /* Sources */,
				ECABBEF22AE05BED0040F96F /* Frameworks */,
				ECABBEF32AE05BED0040F96F /* Resources */,
			);
			buildRules = (
			);
			dependencies = (
			);
			name = FireBase;
			packageProductDependencies = (
				ECABBF092AE05D650040F96F /* FirebaseAnalytics */,
				ECABBF0B2AE05D650040F96F /* FirebaseAnalyticsOnDeviceConversion */,
				ECABBF0D2AE05D650040F96F /* FirebaseAnalyticsSwift */,
				ECABBF0F2AE05D650040F96F /* FirebaseAnalyticsWithoutAdIdSupport */,
				ECABBF112AE05D650040F96F /* FirebaseAppCheck */,
				ECABBF142AE05D790040F96F /* FirebaseAuth */,
				ECABBF162AE05D910040F96F /* FirebaseFirestoreSwift */,
				ECABBF182AE05D9C0040F96F /* FirebaseFirestore */,
			);
			productName = FireBase;
			productReference = ECABBEF52AE05BED0040F96F /* FireBase.app */;
			productType = "com.apple.product-type.application";
		};
/* End PBXNativeTarget section */

/* Begin PBXProject section */
		ECABBEED2AE05BED0040F96F /* Project object */ = {
			isa = PBXProject;
			attributes = {
				BuildIndependentTargetsInParallel = 1;
				LastSwiftUpdateCheck = 1500;
				LastUpgradeCheck = 1500;
				TargetAttributes = {
					ECABBEF42AE05BED0040F96F = {
						CreatedOnToolsVersion = 15.0;
					};
				};
			};
			buildConfigurationList = ECABBEF02AE05BED0040F96F /* Build configuration list for PBXProject "FireBase" */;
			compatibilityVersion = "Xcode 14.0";
			developmentRegion = en;
			hasScannedForEncodings = 0;
			knownRegions = (
				en,
				Base,
			);
			mainGroup = ECABBEEC2AE05BED0040F96F;
			packageReferences = (
				ECABBF082AE05D650040F96F /* XCRemoteSwiftPackageReference "firebase-ios-sdk" */,
			);
			productRefGroup = ECABBEF62AE05BED0040F96F /* Products */;
			projectDirPath = "";
			projectRoot = "";
			targets = (
				ECABBEF42AE05BED0040F96F /* FireBase */,
			);
		};
/* End PBXProject section */

/* Begin PBXResourcesBuildPhase section */
		ECABBEF32AE05BED0040F96F /* Resources */ = {
			isa = PBXResourcesBuildPhase;
			buildActionMask = 2147483647;
			files = (
				ECABBF002AE05BEF0040F96F /* Preview Assets.xcassets in Resources */,
				ECABBEFD2AE05BEF0040F96F /* Assets.xcassets in Resources */,
				ECABBF072AE05D040040F96F /* GoogleService-Info.plist in Resources */,
			);
			runOnlyForDeploymentPostprocessing = 0;
		};
/* End PBXResourcesBuildPhase section */

/* Begin PBXSourcesBuildPhase section */
		ECABBEF12AE05BED0040F96F /* Sources */ = {
			isa = PBXSourcesBuildPhase;
			buildActionMask = 2147483647;
			files = (
				ECABBF262AE063A20040F96F /* RegisterEmailView.swift in Sources */,
				ECABBEFB2AE05BED0040F96F /* ContentView.swift in Sources */,
				ECABBF282AE063B20040F96F /* LoginEmailView.swift in Sources */,
				ECABBF2C2AE064DA0040F96F /* ViewPrincipal.swift in Sources */,
				ECABBF2A2AE064480040F96F /* DismissView.swift in Sources */,
				ECABBF242AE0636E0040F96F /* AuthenticationViewModel.swift in Sources */,
				ECABBF222AE0635D0040F96F /* AuthenticationRepository.swift in Sources */,
				ECABBF202AE063490040F96F /* AuthenticationFirebaseDataSource.swift in Sources */,
				ECABBEF92AE05BED0040F96F /* FireBaseApp.swift in Sources */,
			);
			runOnlyForDeploymentPostprocessing = 0;
		};
/* End PBXSourcesBuildPhase section */

/* Begin XCBuildConfiguration section */
		ECABBF012AE05BEF0040F96F /* Debug */ = {
			isa = XCBuildConfiguration;
			buildSettings = {
				ALWAYS_SEARCH_USER_PATHS = NO;
				ASSETCATALOG_COMPILER_GENERATE_SWIFT_ASSET_SYMBOL_EXTENSIONS = YES;
				CLANG_ANALYZER_NONNULL = YES;
				CLANG_ANALYZER_NUMBER_OBJECT_CONVERSION = YES_AGGRESSIVE;
				CLANG_CXX_LANGUAGE_STANDARD = "gnu++20";
				CLANG_ENABLE_MODULES = YES;
				CLANG_ENABLE_OBJC_ARC = YES;
				CLANG_ENABLE_OBJC_WEAK = YES;
				CLANG_WARN_BLOCK_CAPTURE_AUTORELEASING = YES;
				CLANG_WARN_BOOL_CONVERSION = YES;
				CLANG_WARN_COMMA = YES;
				CLANG_WARN_CONSTANT_CONVERSION = YES;
				CLANG_WARN_DEPRECATED_OBJC_IMPLEMENTATIONS = YES;
				CLANG_WARN_DIRECT_OBJC_ISA_USAGE = YES_ERROR;
				CLANG_WARN_DOCUMENTATION_COMMENTS = YES;
				CLANG_WARN_EMPTY_BODY = YES;
				CLANG_WARN_ENUM_CONVERSION = YES;
				CLANG_WARN_INFINITE_RECURSION = YES;
				CLANG_WARN_INT_CONVERSION = YES;
				CLANG_WARN_NON_LITERAL_NULL_CONVERSION = YES;
				CLANG_WARN_OBJC_IMPLICIT_RETAIN_SELF = YES;
				CLANG_WARN_OBJC_LITERAL_CONVERSION = YES;
				CLANG_WARN_OBJC_ROOT_CLASS = YES_ERROR;
				CLANG_WARN_QUOTED_INCLUDE_IN_FRAMEWORK_HEADER = YES;
				CLANG_WARN_RANGE_LOOP_ANALYSIS = YES;
				CLANG_WARN_STRICT_PROTOTYPES = YES;
				CLANG_WARN_SUSPICIOUS_MOVE = YES;
				CLANG_WARN_UNGUARDED_AVAILABILITY = YES_AGGRESSIVE;
				CLANG_WARN_UNREACHABLE_CODE = YES;
				CLANG_WARN__DUPLICATE_METHOD_MATCH = YES;
				COPY_PHASE_STRIP = NO;
				DEBUG_INFORMATION_FORMAT = dwarf;
				ENABLE_STRICT_OBJC_MSGSEND = YES;
				ENABLE_TESTABILITY = YES;
				ENABLE_USER_SCRIPT_SANDBOXING = YES;
				GCC_C_LANGUAGE_STANDARD = gnu17;
				GCC_DYNAMIC_NO_PIC = NO;
				GCC_NO_COMMON_BLOCKS = YES;
				GCC_OPTIMIZATION_LEVEL = 0;
				GCC_PREPROCESSOR_DEFINITIONS = (
					"DEBUG=1",
					"$(inherited)",
				);
				GCC_WARN_64_TO_32_BIT_CONVERSION = YES;
				GCC_WARN_ABOUT_RETURN_TYPE = YES_ERROR;
				GCC_WARN_UNDECLARED_SELECTOR = YES;
				GCC_WARN_UNINITIALIZED_AUTOS = YES_AGGRESSIVE;
				GCC_WARN_UNUSED_FUNCTION = YES;
				GCC_WARN_UNUSED_VARIABLE = YES;
				IPHONEOS_DEPLOYMENT_TARGET = 17.0;
				LOCALIZATION_PREFERS_STRING_CATALOGS = YES;
				MTL_ENABLE_DEBUG_INFO = INCLUDE_SOURCE;
				MTL_FAST_MATH = YES;
				ONLY_ACTIVE_ARCH = YES;
				SDKROOT = iphoneos;
				SWIFT_ACTIVE_COMPILATION_CONDITIONS = "DEBUG $(inherited)";
				SWIFT_OPTIMIZATION_LEVEL = "-Onone";
			};
			name = Debug;
		};
		ECABBF022AE05BEF0040F96F /* Release */ = {
			isa = XCBuildConfiguration;
			buildSettings = {
				ALWAYS_SEARCH_USER_PATHS = NO;
				ASSETCATALOG_COMPILER_GENERATE_SWIFT_ASSET_SYMBOL_EXTENSIONS = YES;
				CLANG_ANALYZER_NONNULL = YES;
				CLANG_ANALYZER_NUMBER_OBJECT_CONVERSION = YES_AGGRESSIVE;
				CLANG_CXX_LANGUAGE_STANDARD = "gnu++20";
				CLANG_ENABLE_MODULES = YES;
				CLANG_ENABLE_OBJC_ARC = YES;
				CLANG_ENABLE_OBJC_WEAK = YES;
				CLANG_WARN_BLOCK_CAPTURE_AUTORELEASING = YES;
				CLANG_WARN_BOOL_CONVERSION = YES;
				CLANG_WARN_COMMA = YES;
				CLANG_WARN_CONSTANT_CONVERSION = YES;
				CLANG_WARN_DEPRECATED_OBJC_IMPLEMENTATIONS = YES;
				CLANG_WARN_DIRECT_OBJC_ISA_USAGE = YES_ERROR;
				CLANG_WARN_DOCUMENTATION_COMMENTS = YES;
				CLANG_WARN_EMPTY_BODY = YES;
				CLANG_WARN_ENUM_CONVERSION = YES;
				CLANG_WARN_INFINITE_RECURSION = YES;
				CLANG_WARN_INT_CONVERSION = YES;
				CLANG_WARN_NON_LITERAL_NULL_CONVERSION = YES;
				CLANG_WARN_OBJC_IMPLICIT_RETAIN_SELF = YES;
				CLANG_WARN_OBJC_LITERAL_CONVERSION = YES;
				CLANG_WARN_OBJC_ROOT_CLASS = YES_ERROR;
				CLANG_WARN_QUOTED_INCLUDE_IN_FRAMEWORK_HEADER = YES;
				CLANG_WARN_RANGE_LOOP_ANALYSIS = YES;
				CLANG_WARN_STRICT_PROTOTYPES = YES;
				CLANG_WARN_SUSPICIOUS_MOVE = YES;
				CLANG_WARN_UNGUARDED_AVAILABILITY = YES_AGGRESSIVE;
				CLANG_WARN_UNREACHABLE_CODE = YES;
				CLANG_WARN__DUPLICATE_METHOD_MATCH = YES;
				COPY_PHASE_STRIP = NO;
				DEBUG_INFORMATION_FORMAT = "dwarf-with-dsym";
				ENABLE_NS_ASSERTIONS = NO;
				ENABLE_STRICT_OBJC_MSGSEND = YES;
				ENABLE_USER_SCRIPT_SANDBOXING = YES;
				GCC_C_LANGUAGE_STANDARD = gnu17;
				GCC_NO_COMMON_BLOCKS = YES;
				GCC_WARN_64_TO_32_BIT_CONVERSION = YES;
				GCC_WARN_ABOUT_RETURN_TYPE = YES_ERROR;
				GCC_WARN_UNDECLARED_SELECTOR = YES;
				GCC_WARN_UNINITIALIZED_AUTOS = YES_AGGRESSIVE;
				GCC_WARN_UNUSED_FUNCTION = YES;
				GCC_WARN_UNUSED_VARIABLE = YES;
				IPHONEOS_DEPLOYMENT_TARGET = 17.0;
				LOCALIZATION_PREFERS_STRING_CATALOGS = YES;
				MTL_ENABLE_DEBUG_INFO = NO;
				MTL_FAST_MATH = YES;
				SDKROOT = iphoneos;
				SWIFT_COMPILATION_MODE = wholemodule;
				VALIDATE_PRODUCT = YES;
			};
			name = Release;
		};
		ECABBF042AE05BEF0040F96F /* Debug */ = {
			isa = XCBuildConfiguration;
			buildSettings = {
				ASSETCATALOG_COMPILER_APPICON_NAME = AppIcon;
				ASSETCATALOG_COMPILER_GLOBAL_ACCENT_COLOR_NAME = AccentColor;
				CODE_SIGN_STYLE = Automatic;
				CURRENT_PROJECT_VERSION = 1;
				DEVELOPMENT_ASSET_PATHS = "\"FireBase/Preview Content\"";
				DEVELOPMENT_TEAM = V323JCJ58W;
				ENABLE_PREVIEWS = YES;
				GENERATE_INFOPLIST_FILE = YES;
				INFOPLIST_KEY_UIApplicationSceneManifest_Generation = YES;
				INFOPLIST_KEY_UIApplicationSupportsIndirectInputEvents = YES;
				INFOPLIST_KEY_UILaunchScreen_Generation = YES;
				INFOPLIST_KEY_UISupportedInterfaceOrientations_iPad = "UIInterfaceOrientationPortrait UIInterfaceOrientationPortraitUpsideDown UIInterfaceOrientationLandscapeLeft UIInterfaceOrientationLandscapeRight";
				INFOPLIST_KEY_UISupportedInterfaceOrientations_iPhone = "UIInterfaceOrientationPortrait UIInterfaceOrientationLandscapeLeft UIInterfaceOrientationLandscapeRight";
				LD_RUNPATH_SEARCH_PATHS = (
					"$(inherited)",
					"@executable_path/Frameworks",
				);
				MARKETING_VERSION = 1.0;
				PRODUCT_BUNDLE_IDENTIFIER = com.unam.FireBase;
				PRODUCT_NAME = "$(TARGET_NAME)";
				SWIFT_EMIT_LOC_STRINGS = YES;
				SWIFT_VERSION = 5.0;
				TARGETED_DEVICE_FAMILY = "1,2";
			};
			name = Debug;
		};
		ECABBF052AE05BEF0040F96F /* Release */ = {
			isa = XCBuildConfiguration;
			buildSettings = {
				ASSETCATALOG_COMPILER_APPICON_NAME = AppIcon;
				ASSETCATALOG_COMPILER_GLOBAL_ACCENT_COLOR_NAME = AccentColor;
				CODE_SIGN_STYLE = Automatic;
				CURRENT_PROJECT_VERSION = 1;
				DEVELOPMENT_ASSET_PATHS = "\"FireBase/Preview Content\"";
				DEVELOPMENT_TEAM = V323JCJ58W;
				ENABLE_PREVIEWS = YES;
				GENERATE_INFOPLIST_FILE = YES;
				INFOPLIST_KEY_UIApplicationSceneManifest_Generation = YES;
				INFOPLIST_KEY_UIApplicationSupportsIndirectInputEvents = YES;
				INFOPLIST_KEY_UILaunchScreen_Generation = YES;
				INFOPLIST_KEY_UISupportedInterfaceOrientations_iPad = "UIInterfaceOrientationPortrait UIInterfaceOrientationPortraitUpsideDown UIInterfaceOrientationLandscapeLeft UIInterfaceOrientationLandscapeRight";
				INFOPLIST_KEY_UISupportedInterfaceOrientations_iPhone = "UIInterfaceOrientationPortrait UIInterfaceOrientationLandscapeLeft UIInterfaceOrientationLandscapeRight";
				LD_RUNPATH_SEARCH_PATHS = (
					"$(inherited)",
					"@executable_path/Frameworks",
				);
				MARKETING_VERSION = 1.0;
				PRODUCT_BUNDLE_IDENTIFIER = com.unam.FireBase;
				PRODUCT_NAME = "$(TARGET_NAME)";
				SWIFT_EMIT_LOC_STRINGS = YES;
				SWIFT_VERSION = 5.0;
				TARGETED_DEVICE_FAMILY = "1,2";
			};
			name = Release;
		};
/* End XCBuildConfiguration section */

/* Begin XCConfigurationList section */
		ECABBEF02AE05BED0040F96F /* Build configuration list for PBXProject "FireBase" */ = {
			isa = XCConfigurationList;
			buildConfigurations = (
				ECABBF012AE05BEF0040F96F /* Debug */,
				ECABBF022AE05BEF0040F96F /* Release */,
			);
			defaultConfigurationIsVisible = 0;
			defaultConfigurationName = Release;
		};
		ECABBF032AE05BEF0040F96F /* Build configuration list for PBXNativeTarget "FireBase" */ = {
			isa = XCConfigurationList;
			buildConfigurations = (
				ECABBF042AE05BEF0040F96F /* Debug */,
				ECABBF052AE05BEF0040F96F /* Release */,
			);
			defaultConfigurationIsVisible = 0;
			defaultConfigurationName = Release;
		};
/* End XCConfigurationList section */

/* Begin XCRemoteSwiftPackageReference section */
		ECABBF082AE05D650040F96F /* XCRemoteSwiftPackageReference "firebase-ios-sdk" */ = {
			isa = XCRemoteSwiftPackageReference;
			repositoryURL = "https://github.com/firebase/firebase-ios-sdk.git";
			requirement = {
				kind = upToNextMajorVersion;
				minimumVersion = 10.16.0;
			};
		};
/* End XCRemoteSwiftPackageReference section */

/* Begin XCSwiftPackageProductDependency section */
		ECABBF092AE05D650040F96F /* FirebaseAnalytics */ = {
			isa = XCSwiftPackageProductDependency;
			package = ECABBF082AE05D650040F96F /* XCRemoteSwiftPackageReference "firebase-ios-sdk" */;
			productName = FirebaseAnalytics;
		};
		ECABBF0B2AE05D650040F96F /* FirebaseAnalyticsOnDeviceConversion */ = {
			isa = XCSwiftPackageProductDependency;
			package = ECABBF082AE05D650040F96F /* XCRemoteSwiftPackageReference "firebase-ios-sdk" */;
			productName = FirebaseAnalyticsOnDeviceConversion;
		};
		ECABBF0D2AE05D650040F96F /* FirebaseAnalyticsSwift */ = {
			isa = XCSwiftPackageProductDependency;
			package = ECABBF082AE05D650040F96F /* XCRemoteSwiftPackageReference "firebase-ios-sdk" */;
			productName = FirebaseAnalyticsSwift;
		};
		ECABBF0F2AE05D650040F96F /* FirebaseAnalyticsWithoutAdIdSupport */ = {
			isa = XCSwiftPackageProductDependency;
			package = ECABBF082AE05D650040F96F /* XCRemoteSwiftPackageReference "firebase-ios-sdk" */;
			productName = FirebaseAnalyticsWithoutAdIdSupport;
		};
		ECABBF112AE05D650040F96F /* FirebaseAppCheck */ = {
			isa = XCSwiftPackageProductDependency;
			package = ECABBF082AE05D650040F96F /* XCRemoteSwiftPackageReference "firebase-ios-sdk" */;
			productName = FirebaseAppCheck;
		};
		ECABBF142AE05D790040F96F /* FirebaseAuth */ = {
			isa = XCSwiftPackageProductDependency;
			package = ECABBF082AE05D650040F96F /* XCRemoteSwiftPackageReference "firebase-ios-sdk" */;
			productName = FirebaseAuth;
		};
		ECABBF162AE05D910040F96F /* FirebaseFirestoreSwift */ = {
			isa = XCSwiftPackageProductDependency;
			package = ECABBF082AE05D650040F96F /* XCRemoteSwiftPackageReference "firebase-ios-sdk" */;
			productName = FirebaseFirestoreSwift;
		};
		ECABBF182AE05D9C0040F96F /* FirebaseFirestore */ = {
			isa = XCSwiftPackageProductDependency;
			package = ECABBF082AE05D650040F96F /* XCRemoteSwiftPackageReference "firebase-ios-sdk" */;
			productName = FirebaseFirestore;
		};
/* End XCSwiftPackageProductDependency section */
	};
	rootObject = ECABBEED2AE05BED0040F96F /* Project object */;
}
